
Microsoft Visual Studio Solution File, Format Version 12.00
# Visual Studio Version 17
VisualStudioVersion = 17.0.32014.148
MinimumVisualStudioVersion = 10.0.40219.1
Project("{FAE04EC0-301F-11D3-BF4B-00C04F79EFBC}") = "MyProject2", "MyProject2.csproj", "{FC645341-FD39-4F48-8B1A-D1353BBAD5D8}"
EndProject
Global
	GlobalSection(SolutionConfigurationPlatforms) = preSolution
		Debug|Any CPU = Debug|Any CPU
		Release|Any CPU = Release|Any CPU
	EndGlobalSection
	GlobalSection(ProjectConfigurationPlatforms) = postSolution
		{FC645341-FD39-4F48-8B1A-D1353BBAD5D8}.Debug|Any CPU.ActiveCfg = Debug|Any CPU
		{FC645341-FD39-4F48-8B1A-D1353BBAD5D8}.Debug|Any CPU.Build.0 = Debug|Any CPU
		{FC645341-FD39-4F48-8B1A-D1353BBAD5D8}.Release|Any CPU.ActiveCfg = Release|Any CPU
		{FC645341-FD39-4F48-8B1A-D1353BBAD5D8}.Release|Any CPU.Build.0 = Release|Any CPU
	EndGlobalSection
	GlobalSection(SolutionProperties) = preSolution
		HideSolutionNode = FALSE
	EndGlobalSection
	GlobalSection(ExtensibilityGlobals) = postSolution
		SolutionGuid = {9DBB97EB-60C9-4403-A377-A9806BC5F308}
	EndGlobalSection
EndGlobal
